// !$*UTF8*$!
{
	archiveVersion = 1;
	classes = {
	};
	objectVersion = 55;
	objects = {

/* Begin PBXBuildFile section */
		84839879299D8017004EF38D /* AppDelegate.swift in Sources */ = {isa = PBXBuildFile; fileRef = 84839878299D8017004EF38D /* AppDelegate.swift */; };
		8483987B299D8017004EF38D /* SceneDelegate.swift in Sources */ = {isa = PBXBuildFile; fileRef = 8483987A299D8017004EF38D /* SceneDelegate.swift */; };
		8483987D299D8017004EF38D /* ViewController.swift in Sources */ = {isa = PBXBuildFile; fileRef = 8483987C299D8017004EF38D /* ViewController.swift */; };
		84839880299D8017004EF38D /* Main.storyboard in Resources */ = {isa = PBXBuildFile; fileRef = 8483987E299D8017004EF38D /* Main.storyboard */; };
		84839883299D8017004EF38D /* BirthdatTracker.xcdatamodeld in Sources */ = {isa = PBXBuildFile; fileRef = 84839881299D8017004EF38D /* BirthdatTracker.xcdatamodeld */; };
		84839885299D801B004EF38D /* Assets.xcassets in Resources */ = {isa = PBXBuildFile; fileRef = 84839884299D801B004EF38D /* Assets.xcassets */; };
		84839888299D801B004EF38D /* LaunchScreen.storyboard in Resources */ = {isa = PBXBuildFile; fileRef = 84839886299D801B004EF38D /* LaunchScreen.storyboard */; };
		84839890299D8D95004EF38D /* Birthday.swift in Sources */ = {isa = PBXBuildFile; fileRef = 8483988F299D8D95004EF38D /* Birthday.swift */; };
/* End PBXBuildFile section */

/* Begin PBXFileReference section */
		84839875299D8017004EF38D /* BirthdatTracker.app */ = {isa = PBXFileReference; explicitFileType = wrapper.application; includeInIndex = 0; path = BirthdatTracker.app; sourceTree = BUILT_PRODUCTS_DIR; };
		84839878299D8017004EF38D /* AppDelegate.swift */ = {isa = PBXFileReference; lastKnownFileType = sourcecode.swift; path = AppDelegate.swift; sourceTree = "<group>"; };
		8483987A299D8017004EF38D /* SceneDelegate.swift */ = {isa = PBXFileReference; lastKnownFileType = sourcecode.swift; path = SceneDelegate.swift; sourceTree = "<group>"; };
		8483987C299D8017004EF38D /* ViewController.swift */ = {isa = PBXFileReference; lastKnownFileType = sourcecode.swift; path = ViewController.swift; sourceTree = "<group>"; };
		8483987F299D8017004EF38D /* Base */ = {isa = PBXFileReference; lastKnownFileType = file.storyboard; name = Base; path = Base.lproj/Main.storyboard; sourceTree = "<group>"; };
		84839882299D8017004EF38D /* BirthdatTracker.xcdatamodel */ = {isa = PBXFileReference; lastKnownFileType = wrapper.xcdatamodel; path = BirthdatTracker.xcdatamodel; sourceTree = "<group>"; };
		84839884299D801B004EF38D /* Assets.xcassets */ = {isa = PBXFileReference; lastKnownFileType = folder.assetcatalog; path = Assets.xcassets; sourceTree = "<group>"; };
		84839887299D801B004EF38D /* Base */ = {isa = PBXFileReference; lastKnownFileType = file.storyboard; name = Base; path = Base.lproj/LaunchScreen.storyboard; sourceTree = "<group>"; };
		84839889299D801B004EF38D /* Info.plist */ = {isa = PBXFileReference; lastKnownFileType = text.plist.xml; path = Info.plist; sourceTree = "<group>"; };
		8483988F299D8D95004EF38D /* Birthday.swift */ = {isa = PBXFileReference; lastKnownFileType = sourcecode.swift; path = Birthday.swift; sourceTree = "<group>"; };
/* End PBXFileReference section */

/* Begin PBXFrameworksBuildPhase section */
		84839872299D8017004EF38D /* Frameworks */ = {
			isa = PBXFrameworksBuildPhase;
			buildActionMask = 2147483647;
			files = (
			);
			runOnlyForDeploymentPostprocessing = 0;
		};
/* End PBXFrameworksBuildPhase section */

/* Begin PBXGroup section */
		8483986C299D8016004EF38D = {
			isa = PBXGroup;
			children = (
				84839877299D8017004EF38D /* BirthdatTracker */,
				84839876299D8017004EF38D /* Products */,
			);
			sourceTree = "<group>";
		};
		84839876299D8017004EF38D /* Products */ = {
			isa = PBXGroup;
			children = (
				84839875299D8017004EF38D /* BirthdatTracker.app */,
			);
			name = Products;
			sourceTree = "<group>";
		};
		84839877299D8017004EF38D /* BirthdatTracker */ = {
			isa = PBXGroup;
			children = (
				84839878299D8017004EF38D /* AppDelegate.swift */,
				8483987A299D8017004EF38D /* SceneDelegate.swift */,
				8483987C299D8017004EF38D /* ViewController.swift */,
				8483987E299D8017004EF38D /* Main.storyboard */,
				84839884299D801B004EF38D /* Assets.xcassets */,
				84839886299D801B004EF38D /* LaunchScreen.storyboard */,
				84839889299D801B004EF38D /* Info.plist */,
				84839881299D8017004EF38D /* BirthdatTracker.xcdatamodeld */,
				8483988F299D8D95004EF38D /* Birthday.swift */,
			);
			path = BirthdatTracker;
			sourceTree = "<group>";
		};
/* End PBXGroup section */

/* Begin PBXNativeTarget section */
		84839874299D8017004EF38D /* BirthdatTracker */ = {
			isa = PBXNativeTarget;
			buildConfigurationList = 8483988C299D801B004EF38D /* Build configuration list for PBXNativeTarget "BirthdatTracker" */;
			buildPhases = (
				84839871299D8017004EF38D /* Sources */,
				84839872299D8017004EF38D /* Frameworks */,
				84839873299D8017004EF38D /* Resources */,
			);
			buildRules = (
			);
			dependencies = (
			);
			name = BirthdatTracker;
			productName = BirthdatTracker;
			productReference = 84839875299D8017004EF38D /* BirthdatTracker.app */;
			productType = "com.apple.product-type.application";
		};
/* End PBXNativeTarget section */

/* Begin PBXProject section */
		8483986D299D8017004EF38D /* Project object */ = {
			isa = PBXProject;
			attributes = {
				BuildIndependentTargetsInParallel = 1;
				LastSwiftUpdateCheck = 1300;
				LastUpgradeCheck = 1300;
				TargetAttributes = {
					84839874299D8017004EF38D = {
						CreatedOnToolsVersion = 13.0;
					};
				};
			};
			buildConfigurationList = 84839870299D8017004EF38D /* Build configuration list for PBXProject "BirthdatTracker" */;
			compatibilityVersion = "Xcode 13.0";
			developmentRegion = en;
			hasScannedForEncodings = 0;
			knownRegions = (
				en,
				Base,
			);
			mainGroup = 8483986C299D8016004EF38D;
			productRefGroup = 84839876299D8017004EF38D /* Products */;
			projectDirPath = "";
			projectRoot = "";
			targets = (
				84839874299D8017004EF38D /* BirthdatTracker */,
			);
		};
/* End PBXProject section */

/* Begin PBXResourcesBuildPhase section */
		84839873299D8017004EF38D /* Resources */ = {
			isa = PBXResourcesBuildPhase;
			buildActionMask = 2147483647;
			files = (
				84839888299D801B004EF38D /* LaunchScreen.storyboard in Resources */,
				84839885299D801B004EF38D /* Assets.xcassets in Resources */,
				84839880299D8017004EF38D /* Main.storyboard in Resources */,
			);
			runOnlyForDeploymentPostprocessing = 0;
		};
/* End PBXResourcesBuildPhase section */

/* Begin PBXSourcesBuildPhase section */
		84839871299D8017004EF38D /* Sources */ = {
			isa = PBXSourcesBuildPhase;
			buildActionMask = 2147483647;
			files = (
				84839890299D8D95004EF38D /* Birthday.swift in Sources */,
				8483987D299D8017004EF38D /* ViewController.swift in Sources */,
				84839879299D8017004EF38D /* AppDelegate.swift in Sources */,
				84839883299D8017004EF38D /* BirthdatTracker.xcdatamodeld in Sources */,
				8483987B299D8017004EF38D /* SceneDelegate.swift in Sources */,
			);
			runOnlyForDeploymentPostprocessing = 0;
		};
/* End PBXSourcesBuildPhase section */

/* Begin PBXVariantGroup section */
		8483987E299D8017004EF38D /* Main.storyboard */ = {
			isa = PBXVariantGroup;
			children = (
				8483987F299D8017004EF38D /* Base */,
			);
			name = Main.storyboard;
			sourceTree = "<group>";
		};
		84839886299D801B004EF38D /* LaunchScreen.storyboard */ = {
			isa = PBXVariantGroup;
			children = (
				84839887299D801B004EF38D /* Base */,
			);
			name = LaunchScreen.storyboard;
			sourceTree = "<group>";
		};
/* End PBXVariantGroup section */

/* Begin XCBuildConfiguration section */
		8483988A299D801B004EF38D /* Debug */ = {
			isa = XCBuildConfiguration;
			buildSettings = {
				ALWAYS_SEARCH_USER_PATHS = NO;
				CLANG_ANALYZER_NONNULL = YES;
				CLANG_ANALYZER_NUMBER_OBJECT_CONVERSION = YES_AGGRESSIVE;
				CLANG_CXX_LANGUAGE_STANDARD = "gnu++17";
				CLANG_CXX_LIBRARY = "libc++";
				CLANG_ENABLE_MODULES = YES;
				CLANG_ENABLE_OBJC_ARC = YES;
				CLANG_ENABLE_OBJC_WEAK = YES;
				CLANG_WARN_BLOCK_CAPTURE_AUTORELEASING = YES;
				CLANG_WARN_BOOL_CONVERSION = YES;
				CLANG_WARN_COMMA = YES;
				CLANG_WARN_CONSTANT_CONVERSION = YES;
				CLANG_WARN_DEPRECATED_OBJC_IMPLEMENTATIONS = YES;
				CLANG_WARN_DIRECT_OBJC_ISA_USAGE = YES_ERROR;
				CLANG_WARN_DOCUMENTATION_COMMENTS = YES;
				CLANG_WARN_EMPTY_BODY = YES;
				CLANG_WARN_ENUM_CONVERSION = YES;
				CLANG_WARN_INFINITE_RECURSION = YES;
				CLANG_WARN_INT_CONVERSION = YES;
				CLANG_WARN_NON_LITERAL_NULL_CONVERSION = YES;
				CLANG_WARN_OBJC_IMPLICIT_RETAIN_SELF = YES;
				CLANG_WARN_OBJC_LITERAL_CONVERSION = YES;
				CLANG_WARN_OBJC_ROOT_CLASS = YES_ERROR;
				CLANG_WARN_QUOTED_INCLUDE_IN_FRAMEWORK_HEADER = YES;
				CLANG_WARN_RANGE_LOOP_ANALYSIS = YES;
				CLANG_WARN_STRICT_PROTOTYPES = YES;
				CLANG_WARN_SUSPICIOUS_MOVE = YES;
				CLANG_WARN_UNGUARDED_AVAILABILITY = YES_AGGRESSIVE;
				CLANG_WARN_UNREACHABLE_CODE = YES;
				CLANG_WARN__DUPLICATE_METHOD_MATCH = YES;
				COPY_PHASE_STRIP = NO;
				DEBUG_INFORMATION_FORMAT = dwarf;
				ENABLE_STRICT_OBJC_MSGSEND = YES;
				ENABLE_TESTABILITY = YES;
				GCC_C_LANGUAGE_STANDARD = gnu11;
				GCC_DYNAMIC_NO_PIC = NO;
				GCC_NO_COMMON_BLOCKS = YES;
				GCC_OPTIMIZATION_LEVEL = 0;
				GCC_PREPROCESSOR_DEFINITIONS = (
					"DEBUG=1",
					"$(inherited)",
				);
				GCC_WARN_64_TO_32_BIT_CONVERSION = YES;
				GCC_WARN_ABOUT_RETURN_TYPE = YES_ERROR;
				GCC_WARN_UNDECLARED_SELECTOR = YES;
				GCC_WARN_UNINITIALIZED_AUTOS = YES_AGGRESSIVE;
				GCC_WARN_UNUSED_FUNCTION = YES;
				GCC_WARN_UNUSED_VARIABLE = YES;
				IPHONEOS_DEPLOYMENT_TARGET = 15.0;
				MTL_ENABLE_DEBUG_INFO = INCLUDE_SOURCE;
				MTL_FAST_MATH = YES;
				ONLY_ACTIVE_ARCH = YES;
				SDKROOT = iphoneos;
				SWIFT_ACTIVE_COMPILATION_CONDITIONS = DEBUG;
				SWIFT_OPTIMIZATION_LEVEL = "-Onone";
			};
			name = Debug;
		};
		8483988B299D801B004EF38D /* Release */ = {
			isa = XCBuildConfiguration;
			buildSettings = {
				ALWAYS_SEARCH_USER_PATHS = NO;
				CLANG_ANALYZER_NONNULL = YES;
				CLANG_ANALYZER_NUMBER_OBJECT_CONVERSION = YES_AGGRESSIVE;
				CLANG_CXX_LANGUAGE_STANDARD = "gnu++17";
				CLANG_CXX_LIBRARY = "libc++";
				CLANG_ENABLE_MODULES = YES;
				CLANG_ENABLE_OBJC_ARC = YES;
				CLANG_ENABLE_OBJC_WEAK = YES;
				CLANG_WARN_BLOCK_CAPTURE_AUTORELEASING = YES;
				CLANG_WARN_BOOL_CONVERSION = YES;
				CLANG_WARN_COMMA = YES;
				CLANG_WARN_CONSTANT_CONVERSION = YES;
				CLANG_WARN_DEPRECATED_OBJC_IMPLEMENTATIONS = YES;
				CLANG_WARN_DIRECT_OBJC_ISA_USAGE = YES_ERROR;
				CLANG_WARN_DOCUMENTATION_COMMENTS = YES;
				CLANG_WARN_EMPTY_BODY = YES;
				CLANG_WARN_ENUM_CONVERSION = YES;
				CLANG_WARN_INFINITE_RECURSION = YES;
				CLANG_WARN_INT_CONVERSION = YES;
				CLANG_WARN_NON_LITERAL_NULL_CONVERSION = YES;
				CLANG_WARN_OBJC_IMPLICIT_RETAIN_SELF = YES;
				CLANG_WARN_OBJC_LITERAL_CONVERSION = YES;
				CLANG_WARN_OBJC_ROOT_CLASS = YES_ERROR;
				CLANG_WARN_QUOTED_INCLUDE_IN_FRAMEWORK_HEADER = YES;
				CLANG_WARN_RANGE_LOOP_ANALYSIS = YES;
				CLANG_WARN_STRICT_PROTOTYPES = YES;
				CLANG_WARN_SUSPICIOUS_MOVE = YES;
				CLANG_WARN_UNGUARDED_AVAILABILITY = YES_AGGRESSIVE;
				CLANG_WARN_UNREACHABLE_CODE = YES;
				CLANG_WARN__DUPLICATE_METHOD_MATCH = YES;
				COPY_PHASE_STRIP = NO;
				DEBUG_INFORMATION_FORMAT = "dwarf-with-dsym";
				ENABLE_NS_ASSERTIONS = NO;
				ENABLE_STRICT_OBJC_MSGSEND = YES;
				GCC_C_LANGUAGE_STANDARD = gnu11;
				GCC_NO_COMMON_BLOCKS = YES;
				GCC_WARN_64_TO_32_BIT_CONVERSION = YES;
				GCC_WARN_ABOUT_RETURN_TYPE = YES_ERROR;
				GCC_WARN_UNDECLARED_SELECTOR = YES;
				GCC_WARN_UNINITIALIZED_AUTOS = YES_AGGRESSIVE;
				GCC_WARN_UNUSED_FUNCTION = YES;
				GCC_WARN_UNUSED_VARIABLE = YES;
				IPHONEOS_DEPLOYMENT_TARGET = 15.0;
				MTL_ENABLE_DEBUG_INFO = NO;
				MTL_FAST_MATH = YES;
				SDKROOT = iphoneos;
				SWIFT_COMPILATION_MODE = wholemodule;
				SWIFT_OPTIMIZATION_LEVEL = "-O";
				VALIDATE_PRODUCT = YES;
			};
			name = Release;
		};
		8483988D299D801B004EF38D /* Debug */ = {
			isa = XCBuildConfiguration;
			buildSettings = {
				ASSETCATALOG_COMPILER_APPICON_NAME = AppIcon;
				ASSETCATALOG_COMPILER_GLOBAL_ACCENT_COLOR_NAME = AccentColor;
				CODE_SIGN_STYLE = Automatic;
				CURRENT_PROJECT_VERSION = 1;
				DEVELOPMENT_TEAM = T5B424ZR6X;
				GENERATE_INFOPLIST_FILE = YES;
				INFOPLIST_FILE = BirthdatTracker/Info.plist;
				INFOPLIST_KEY_CFBundleDisplayName = Birthdays;
				INFOPLIST_KEY_UIApplicationSupportsIndirectInputEvents = YES;
				INFOPLIST_KEY_UILaunchStoryboardName = LaunchScreen;
				INFOPLIST_KEY_UIMainStoryboardFile = Main;
				INFOPLIST_KEY_UISupportedInterfaceOrientations = UIInterfaceOrientationPortrait;
				INFOPLIST_KEY_UISupportedInterfaceOrientations_iPad = "UIInterfaceOrientationPortrait UIInterfaceOrientationPortraitUpsideDown UIInterfaceOrientationLandscapeLeft UIInterfaceOrientationLandscapeRight";
				INFOPLIST_KEY_UISupportedInterfaceOrientations_iPhone = "UIInterfaceOrientationPortrait UIInterfaceOrientationLandscapeLeft UIInterfaceOrientationLandscapeRight";
				LD_RUNPATH_SEARCH_PATHS = (
					"$(inherited)",
					"@executable_path/Frameworks",
				);
				MARKETING_VERSION = 1.0;
				PRODUCT_BUNDLE_IDENTIFIER = konan.BirthdatTracker;
				PRODUCT_NAME = "$(TARGET_NAME)";
				SWIFT_EMIT_LOC_STRINGS = YES;
				SWIFT_VERSION = 5.0;
				TARGETED_DEVICE_FAMILY = 1;
			};
			name = Debug;
		};
		8483988E299D801B004EF38D /* Release */ = {
			isa = XCBuildConfiguration;
			buildSettings = {
				ASSETCATALOG_COMPILER_APPICON_NAME = AppIcon;
				ASSETCATALOG_COMPILER_GLOBAL_ACCENT_COLOR_NAME = AccentColor;
				CODE_SIGN_STYLE = Automatic;
				CURRENT_PROJECT_VERSION = 1;
				DEVELOPMENT_TEAM = T5B424ZR6X;
				GENERATE_INFOPLIST_FILE = YES;
				INFOPLIST_FILE = BirthdatTracker/Info.plist;
				INFOPLIST_KEY_CFBundleDisplayName = Birthdays;
				INFOPLIST_KEY_UIApplicationSupportsIndirectInputEvents = YES;
				INFOPLIST_KEY_UILaunchStoryboardName = LaunchScreen;
				INFOPLIST_KEY_UIMainStoryboardFile = Main;
				INFOPLIST_KEY_UISupportedInterfaceOrientations = UIInterfaceOrientationPortrait;
				INFOPLIST_KEY_UISupportedInterfaceOrientations_iPad = "UIInterfaceOrientationPortrait UIInterfaceOrientationPortraitUpsideDown UIInterfaceOrientationLandscapeLeft UIInterfaceOrientationLandscapeRight";
				INFOPLIST_KEY_UISupportedInterfaceOrientations_iPhone = "UIInterfaceOrientationPortrait UIInterfaceOrientationLandscapeLeft UIInterfaceOrientationLandscapeRight";
				LD_RUNPATH_SEARCH_PATHS = (
					"$(inherited)",
					"@executable_path/Frameworks",
				);
				MARKETING_VERSION = 1.0;
				PRODUCT_BUNDLE_IDENTIFIER = konan.BirthdatTracker;
				PRODUCT_NAME = "$(TARGET_NAME)";
				SWIFT_EMIT_LOC_STRINGS = YES;
				SWIFT_VERSION = 5.0;
				TARGETED_DEVICE_FAMILY = 1;
			};
			name = Release;
		};
/* End XCBuildConfiguration section */

/* Begin XCConfigurationList section */
		84839870299D8017004EF38D /* Build configuration list for PBXProject "BirthdatTracker" */ = {
			isa = XCConfigurationList;
			buildConfigurations = (
				8483988A299D801B004EF38D /* Debug */,
				8483988B299D801B004EF38D /* Release */,
			);
			defaultConfigurationIsVisible = 0;
			defaultConfigurationName = Release;
		};
		8483988C299D801B004EF38D /* Build configuration list for PBXNativeTarget "BirthdatTracker" */ = {
			isa = XCConfigurationList;
			buildConfigurations = (
				8483988D299D801B004EF38D /* Debug */,
				8483988E299D801B004EF38D /* Release */,
			);
			defaultConfigurationIsVisible = 0;
			defaultConfigurationName = Release;
		};
/* End XCConfigurationList section */

/* Begin XCVersionGroup section */
		84839881299D8017004EF38D /* BirthdatTracker.xcdatamodeld */ = {
			isa = XCVersionGroup;
			children = (
				84839882299D8017004EF38D /* BirthdatTracker.xcdatamodel */,
			);
			currentVersion = 84839882299D8017004EF38D /* BirthdatTracker.xcdatamodel */;
			path = BirthdatTracker.xcdatamodeld;
			sourceTree = "<group>";
			versionGroupType = wrapper.xcdatamodel;
		};
/* End XCVersionGroup section */
	};
	rootObject = 8483986D299D8017004EF38D /* Project object */;
}
